# This file is autogenerated, do not edit; changes may be undone by the next 'dep ensure'.


[[projects]]
  name = "github.com/magefile/mage"
  packages = [
    "mg",
    "sh",
    "target",
    "types"
  ]
  revision = "771ebed3d686dce3d36cab4fc9ee55c295ed8905"
  version = "2.1"

[[projects]]
  name = "github.com/mjibson/esc"
  packages = ["embed"]
  revision = "58d9cde84f237ecdd89bd7f61c2de2853f4c5c6e"
  version = "v0.1.0"

[[projects]]
  name = "zvelo.io/zmage"
  packages = ["."]
  revision = "437fe99f59c40d0a137087136725b8b26895c98b"
  version = "v4.1.0"

[solve-meta]
  analyzer-name = "dep"
  analyzer-version = 1
  inputs-digest = "b15b2396e91a9da742364ff7edc8efc71623912396732025bbef35cfbb02ffb3"
  solver-name = "gps-cdcl"
  solver-version = 1
